<<<<<<< HEAD
Microsoft Visual Studio Solution File, Format Version 11.00
# Visual Studio 2008

Project("{E159319C-A793-F3BB-FE7B-374D0193B892}") = "ggj2017", "Assembly-CSharp-firstpass.csproj", "{7A2BD280-EA68-E7BA-AD9C-3942CCDF3D7F}"
EndProject
Project("{E159319C-A793-F3BB-FE7B-374D0193B892}") = "ggj2017", "Assembly-CSharp.csproj", "{61401D63-B18B-9ADE-BCAA-BDEEF33B0701}"
EndProject
Project("{E159319C-A793-F3BB-FE7B-374D0193B892}") = "ggj2017", "Assembly-CSharp-Editor.csproj", "{49EE9012-693A-1F12-D706-59D1CEB0730C}"
=======
﻿
Microsoft Visual Studio Solution File, Format Version 12.00
# Visual Studio 2015
Project("{FAE04EC0-301F-11D3-BF4B-00C04F79EFBC}") = "ggj2017.CSharp.Plugins", "ggj2017.CSharp.Plugins.csproj", "{0468B765-5AB6-2AC1-0FF0-9A241FCB1D42}"
EndProject
Project("{FAE04EC0-301F-11D3-BF4B-00C04F79EFBC}") = "ggj2017.CSharp", "ggj2017.CSharp.csproj", "{86A8C171-5817-93DF-77E6-9CD8F71AF094}"
EndProject
Project("{FAE04EC0-301F-11D3-BF4B-00C04F79EFBC}") = "ggj2017.CSharp.Editor", "ggj2017.CSharp.Editor.csproj", "{5EEFA01C-ACF2-ACD7-3E40-7320FC0E35B7}"
>>>>>>> ae0fa75d9bb1b3d7334f933aa1cd0d1a0fc7aa9c
EndProject
Global
	GlobalSection(SolutionConfigurationPlatforms) = preSolution
		Debug|Any CPU = Debug|Any CPU
		Release|Any CPU = Release|Any CPU
	EndGlobalSection
	GlobalSection(ProjectConfigurationPlatforms) = postSolution
		{0468B765-5AB6-2AC1-0FF0-9A241FCB1D42}.Debug|Any CPU.ActiveCfg = Debug|Any CPU
		{0468B765-5AB6-2AC1-0FF0-9A241FCB1D42}.Debug|Any CPU.Build.0 = Debug|Any CPU
		{0468B765-5AB6-2AC1-0FF0-9A241FCB1D42}.Release|Any CPU.ActiveCfg = Release|Any CPU
		{0468B765-5AB6-2AC1-0FF0-9A241FCB1D42}.Release|Any CPU.Build.0 = Release|Any CPU
		{86A8C171-5817-93DF-77E6-9CD8F71AF094}.Debug|Any CPU.ActiveCfg = Debug|Any CPU
		{86A8C171-5817-93DF-77E6-9CD8F71AF094}.Debug|Any CPU.Build.0 = Debug|Any CPU
		{86A8C171-5817-93DF-77E6-9CD8F71AF094}.Release|Any CPU.ActiveCfg = Release|Any CPU
		{86A8C171-5817-93DF-77E6-9CD8F71AF094}.Release|Any CPU.Build.0 = Release|Any CPU
		{5EEFA01C-ACF2-ACD7-3E40-7320FC0E35B7}.Debug|Any CPU.ActiveCfg = Debug|Any CPU
		{5EEFA01C-ACF2-ACD7-3E40-7320FC0E35B7}.Debug|Any CPU.Build.0 = Debug|Any CPU
		{5EEFA01C-ACF2-ACD7-3E40-7320FC0E35B7}.Release|Any CPU.ActiveCfg = Release|Any CPU
		{5EEFA01C-ACF2-ACD7-3E40-7320FC0E35B7}.Release|Any CPU.Build.0 = Release|Any CPU
	EndGlobalSection
	GlobalSection(SolutionProperties) = preSolution
		HideSolutionNode = FALSE
	EndGlobalSection
EndGlobal
